
Microsoft Visual Studio Solution File, Format Version 12.00
# Visual Studio Version 16
VisualStudioVersion = 16.0.31205.134
MinimumVisualStudioVersion = 10.0.40219.1
Project("{8BC9CEB8-8B4A-11D0-8D11-00A0C91BC942}") = "blabla", "blabla\blabla.vcxproj", "{2CB75CE2-980A-4471-88E5-CDC6F4987E55}"
EndProject
Global
	GlobalSection(SolutionConfigurationPlatforms) = preSolution
		Debug|x64 = Debug|x64
		Debug|x86 = Debug|x86
		Release|x64 = Release|x64
		Release|x86 = Release|x86
	EndGlobalSection
	GlobalSection(ProjectConfigurationPlatforms) = postSolution
		{2CB75CE2-980A-4471-88E5-CDC6F4987E55}.Debug|x64.ActiveCfg = Debug|x64
		{2CB75CE2-980A-4471-88E5-CDC6F4987E55}.Debug|x64.Build.0 = Debug|x64
		{2CB75CE2-980A-4471-88E5-CDC6F4987E55}.Debug|x86.ActiveCfg = Debug|Win32
		{2CB75CE2-980A-4471-88E5-CDC6F4987E55}.Debug|x86.Build.0 = Debug|Win32
		{2CB75CE2-980A-4471-88E5-CDC6F4987E55}.Release|x64.ActiveCfg = Release|x64
		{2CB75CE2-980A-4471-88E5-CDC6F4987E55}.Release|x64.Build.0 = Release|x64
		{2CB75CE2-980A-4471-88E5-CDC6F4987E55}.Release|x86.ActiveCfg = Release|Win32
		{2CB75CE2-980A-4471-88E5-CDC6F4987E55}.Release|x86.Build.0 = Release|Win32
	EndGlobalSection
	GlobalSection(SolutionProperties) = preSolution
		HideSolutionNode = FALSE
	EndGlobalSection
	GlobalSection(ExtensibilityGlobals) = postSolution
		SolutionGuid = {052650E3-660E-4209-964E-68E9E1F7531F}
	EndGlobalSection
EndGlobal
